{
  "name": "cgittner-nodejs-net",
  "version": "1.0.0",
  "lockfileVersion": 3,
  "requires": true,
  "packages": {
    "": {
      "name": "cgittner-nodejs-net",
      "version": "1.0.0",
      "license": "ISC",
      "dependencies": {
        "cgittner-nodejs-common": "github:ChristopherGittner/cgittner-nodejs-common",
        "zod-validation-error": "^3.4.0"
      },
      "devDependencies": {
        "@types/node": "^20.17.12"
      }
    },
    "node_modules/@types/node": {
      "version": "20.17.12",
      "resolved": "https://registry.npmjs.org/@types/node/-/node-20.17.12.tgz",
      "integrity": "sha512-vo/wmBgMIiEA23A/knMfn/cf37VnuF52nZh5ZoW0GWt4e4sxNquibrMRJ7UQsA06+MBx9r/H1jsI9grYjQCQlw==",
      "dev": true,
      "license": "MIT",
      "dependencies": {
        "undici-types": "~6.19.2"
      }
    },
    "node_modules/cgittner-nodejs-common": {
      "version": "1.0.0",
      "resolved": "git+ssh://git@github.com/ChristopherGittner/cgittner-nodejs-common.git#75f7ceae45937e1b0603f530e4eff80b1e9e185c",
      "license": "ISC",
      "dependencies": {
        "zod-validation-error": "^3.4.0"
      }
    },
    "node_modules/undici-types": {
      "version": "6.19.8",
      "resolved": "https://registry.npmjs.org/undici-types/-/undici-types-6.19.8.tgz",
      "integrity": "sha512-ve2KP6f/JnbPBFyobGHuerC9g1FYGn/F8n1LWTwNxCEzd6IfqTwUQcNXgEtmmQ6DlRrC1hrSrBnCZPokRrDHjw==",
      "dev": true,
      "license": "MIT"
    },
    "node_modules/zod": {
      "version": "3.24.1",
      "resolved": "https://registry.npmjs.org/zod/-/zod-3.24.1.tgz",
      "integrity": "sha512-muH7gBL9sI1nciMZV67X5fTKKBLtwpZ5VBp1vsOQzj1MhrBZ4wlVCm3gedKZWLp0Oyel8sIGfeiz54Su+OVT+A==",
      "license": "MIT",
      "peer": true,
      "funding": {
        "url": "https://github.com/sponsors/colinhacks"
      }
    },
    "node_modules/zod-validation-error": {
      "version": "3.4.0",
      "resolved": "https://registry.npmjs.org/zod-validation-error/-/zod-validation-error-3.4.0.tgz",
      "integrity": "sha512-ZOPR9SVY6Pb2qqO5XHt+MkkTRxGXb4EVtnjc9JpXUOtUB1T9Ru7mZOT361AN3MsetVe7R0a1KZshJDZdgp9miQ==",
      "license": "MIT",
      "engines": {
        "node": ">=18.0.0"
      },
      "peerDependencies": {
        "zod": "^3.18.0"
      }
    }
  }
}
